{
  "name": "playwright",
  "version": "1.0.0",
  "lockfileVersion": 2,
  "requires": true,
  "packages": {
    "": {
      "name": "playwright",
      "version": "1.0.0",
      "dependencies": {
        "@elastic/elasticsearch": "^8.5.0",
        "@opentelemetry/api": "^1.3.0",
        "@opentelemetry/exporter-trace-otlp-http": "^0.34.0",
        "@opentelemetry/resources": "^1.8.0",
        "@opentelemetry/sdk-trace-base": "^1.8.0",
        "@opentelemetry/semantic-conventions": "^1.8.0"
      },
      "devDependencies": {
        "@playwright/test": "^1.29.1",
        "@types/elasticsearch": "^5.0.40",
        "@types/sqlite3": "^3.1.8"
      }
    },
    "node_modules/@elastic/elasticsearch": {
      "version": "8.6.0",
      "resolved": "https://registry.npmjs.org/@elastic/elasticsearch/-/elasticsearch-8.6.0.tgz",
      "integrity": "sha512-mN5EbbgSp1rfRmQ/5Hv7jqAK8xhGJxCg7G84xje8hSefE59P+HPPCv/+DgesCUSJdZpwXIo0DwOWHfHvktxxLw==",
      "license": "Apache-2.0",
      "dependencies": {
        "@elastic/transport": "^8.3.1",
        "tslib": "^2.4.0"
      },
      "engines": {
        "node": ">=14"
      }
    },
    "node_modules/@elastic/transport": {
      "version": "8.3.1",
      "resolved": "https://registry.npmjs.org/@elastic/transport/-/transport-8.3.1.tgz",
      "integrity": "sha512-jv/Yp2VLvv5tSMEOF8iGrtL2YsYHbpf4s+nDsItxUTLFTzuJGpnsB/xBlfsoT2kAYEnWHiSJuqrbRcpXEI/SEQ==",
      "license": "Apache-2.0",
      "dependencies": {
        "debug": "^4.3.4",
        "hpagent": "^1.0.0",
        "ms": "^2.1.3",
        "secure-json-parse": "^2.4.0",
        "tslib": "^2.4.0",
        "undici": "^5.5.1"
      },
      "engines": {
        "node": ">=14"
      }
    },
    "node_modules/@opentelemetry/api": {
      "version": "1.3.0",
      "resolved": "https://registry.npmjs.org/@opentelemetry/api/-/api-1.3.0.tgz",
      "integrity": "sha512-YveTnGNsFFixTKJz09Oi4zYkiLT5af3WpZDu4aIUM7xX+2bHAkOJayFTVQd6zB8kkWPpbua4Ha6Ql00grdLlJQ==",
      "license": "Apache-2.0",
      "engines": {
        "node": ">=8.0.0"
      }
    },
    "node_modules/@opentelemetry/core": {
      "version": "1.8.0",
      "resolved": "https://registry.npmjs.org/@opentelemetry/core/-/core-1.8.0.tgz",
      "integrity": "sha512-6SDjwBML4Am0AQmy7z1j6HGrWDgeK8awBRUvl1PGw6HayViMk4QpnUXvv4HTHisecgVBy43NE/cstWprm8tIfw==",
      "license": "Apache-2.0",
      "dependencies": {
        "@opentelemetry/semantic-conventions": "1.8.0"
      },
      "engines": {
        "node": ">=14"
      },
      "peerDependencies": {
        "@opentelemetry/api": ">=1.0.0 <1.4.0"
      }
    },
    "node_modules/@opentelemetry/exporter-trace-otlp-http": {
      "version": "0.34.0",
      "resolved": "https://registry.npmjs.org/@opentelemetry/exporter-trace-otlp-http/-/exporter-trace-otlp-http-0.34.0.tgz",
      "integrity": "sha512-MBtUwMvgpdoRo9iqK2eDJ8SP2xKYWeBCSu99s4cc1kg4HKKOpenXLE/6daGsSZ+QTPwd8j+9xMSd+hhBg+Bvzw==",
      "license": "Apache-2.0",
      "dependencies": {
        "@opentelemetry/core": "1.8.0",
        "@opentelemetry/otlp-exporter-base": "0.34.0",
        "@opentelemetry/otlp-transformer": "0.34.0",
        "@opentelemetry/resources": "1.8.0",
        "@opentelemetry/sdk-trace-base": "1.8.0"
      },
      "engines": {
        "node": ">=14"
      },
      "peerDependencies": {
        "@opentelemetry/api": "^1.0.0"
      }
    },
    "node_modules/@opentelemetry/otlp-exporter-base": {
      "version": "0.34.0",
      "resolved": "https://registry.npmjs.org/@opentelemetry/otlp-exporter-base/-/otlp-exporter-base-0.34.0.tgz",
      "integrity": "sha512-xVNvQm7oXeQogeI21iTZRnBrBYS0OVekPutEJgb7jQtHg7x2GWuCBQK9sDo84FRWNXBpNOgSYqsf8/+PxIJ2vA==",
      "license": "Apache-2.0",
      "dependencies": {
        "@opentelemetry/core": "1.8.0"
      },
      "engines": {
        "node": ">=14"
      },
      "peerDependencies": {
        "@opentelemetry/api": "^1.0.0"
      }
    },
    "node_modules/@opentelemetry/otlp-transformer": {
      "version": "0.34.0",
      "resolved": "https://registry.npmjs.org/@opentelemetry/otlp-transformer/-/otlp-transformer-0.34.0.tgz",
      "integrity": "sha512-NghPJvn3pVoWBuhWyBe1n/nWIrj1D1EFUH/bIkWEp0CMVWFLux6R+BkRPZQo5klTcj8xFhCZZIZsL/ubkYPryg==",
      "license": "Apache-2.0",
      "dependencies": {
        "@opentelemetry/core": "1.8.0",
        "@opentelemetry/resources": "1.8.0",
        "@opentelemetry/sdk-metrics": "1.8.0",
        "@opentelemetry/sdk-trace-base": "1.8.0"
      },
      "engines": {
        "node": ">=14"
      },
      "peerDependencies": {
        "@opentelemetry/api": ">=1.3.0 <1.4.0"
      }
    },
    "node_modules/@opentelemetry/resources": {
      "version": "1.8.0",
      "resolved": "https://registry.npmjs.org/@opentelemetry/resources/-/resources-1.8.0.tgz",
      "integrity": "sha512-KSyMH6Jvss/PFDy16z5qkCK0ERlpyqixb1xwb73wLMvVq+j7i89lobDjw3JkpCcd1Ws0J6jAI4fw28Zufj2ssg==",
      "license": "Apache-2.0",
      "dependencies": {
        "@opentelemetry/core": "1.8.0",
        "@opentelemetry/semantic-conventions": "1.8.0"
      },
      "engines": {
        "node": ">=14"
      },
      "peerDependencies": {
        "@opentelemetry/api": ">=1.0.0 <1.4.0"
      }
    },
    "node_modules/@opentelemetry/sdk-metrics": {
      "version": "1.8.0",
      "resolved": "https://registry.npmjs.org/@opentelemetry/sdk-metrics/-/sdk-metrics-1.8.0.tgz",
      "integrity": "sha512-+KYb+uj0vHhl8xzJO+oChS4oP1e+/2Wl3SXoHoIdcEjd1TQfDV+lxOm4oqxWq6wykXvI35/JHyejxSoT+qxGmg==",
      "license": "Apache-2.0",
      "dependencies": {
        "@opentelemetry/core": "1.8.0",
        "@opentelemetry/resources": "1.8.0",
        "lodash.merge": "4.6.2"
      },
      "engines": {
        "node": ">=14"
      },
      "peerDependencies": {
        "@opentelemetry/api": ">=1.3.0 <1.4.0"
      }
    },
    "node_modules/@opentelemetry/sdk-trace-base": {
      "version": "1.8.0",
      "resolved": "https://registry.npmjs.org/@opentelemetry/sdk-trace-base/-/sdk-trace-base-1.8.0.tgz",
      "integrity": "sha512-iH41m0UTddnCKJzZx3M85vlhKzRcmT48pUeBbnzsGrq4nIay1oWVHKM5nhB5r8qRDGvd/n7f/YLCXClxwM0tvA==",
      "license": "Apache-2.0",
      "dependencies": {
        "@opentelemetry/core": "1.8.0",
        "@opentelemetry/resources": "1.8.0",
        "@opentelemetry/semantic-conventions": "1.8.0"
      },
      "engines": {
        "node": ">=14"
      },
      "peerDependencies": {
        "@opentelemetry/api": ">=1.0.0 <1.4.0"
      }
    },
    "node_modules/@opentelemetry/semantic-conventions": {
      "version": "1.8.0",
      "resolved": "https://registry.npmjs.org/@opentelemetry/semantic-conventions/-/semantic-conventions-1.8.0.tgz",
      "integrity": "sha512-TYh1MRcm4JnvpqtqOwT9WYaBYY4KERHdToxs/suDTLviGRsQkIjS5yYROTYTSJQUnYLOn/TuOh5GoMwfLSU+Ew==",
      "license": "Apache-2.0",
      "engines": {
        "node": ">=14"
      }
    },
    "node_modules/@playwright/test": {
      "version": "1.30.0",
      "dev": true,
      "license": "Apache-2.0",
      "dependencies": {
        "@types/node": "*",
        "playwright-core": "1.30.0"
      },
      "bin": {
        "playwright": "cli.js"
      },
      "engines": {
        "node": ">=14"
      }
    },
    "node_modules/@types/elasticsearch": {
      "version": "5.0.40",
      "resolved": "https://registry.npmjs.org/@types/elasticsearch/-/elasticsearch-5.0.40.tgz",
      "integrity": "sha512-lhnbkC0XorAD7Dt7X+94cXUSHEdDNnEVk/DgFLHgIZQNhixV631Lj4+KpXunTT5rCHyj9RqK3TfO7QrOiwEeUQ==",
      "dev": true,
      "license": "MIT"
    },
    "node_modules/@types/node": {
      "version": "18.11.18",
      "resolved": "https://registry.npmjs.org/@types/node/-/node-18.11.18.tgz",
      "integrity": "sha512-DHQpWGjyQKSHj3ebjFI/wRKcqQcdR+MoFBygntYOZytCqNfkd2ZC4ARDJ2DQqhjH5p85Nnd3jhUJIXrszFX/JA==",
      "dev": true,
      "license": "MIT"
    },
    "node_modules/@types/sqlite3": {
      "version": "3.1.8",
      "resolved": "https://registry.npmjs.org/@types/sqlite3/-/sqlite3-3.1.8.tgz",
      "integrity": "sha512-sQMt/qnyUWnqiTcJXm5ZfNPIBeJ/DVvJDwxw+0tAxPJvadzfiP1QhryO1JOR6t1yfb8NpzQb/Rud06mob5laIA==",
      "dev": true,
      "dependencies": {
        "@types/node": "*"
      }
    },
    "node_modules/busboy": {
      "version": "1.6.0",
      "resolved": "https://registry.npmjs.org/busboy/-/busboy-1.6.0.tgz",
      "integrity": "sha512-8SFQbg/0hQ9xy3UNTB0YEnsNBbWfhf7RtnzpL7TkBiTBRfrQ9Fxcnz7VJsleJpyp6rVLvXiuORqjlHi5q+PYuA==",
      "dependencies": {
        "streamsearch": "^1.1.0"
      },
      "engines": {
        "node": ">=10.16.0"
      }
    },
    "node_modules/debug": {
      "version": "4.3.4",
      "resolved": "https://registry.npmjs.org/debug/-/debug-4.3.4.tgz",
      "integrity": "sha512-PRWFHuSU3eDtQJPvnNY7Jcket1j0t5OuOsFzPPzsekD52Zl8qUfFIPEiswXqIvHWGVHOgX+7G/vCNNhehwxfkQ==",
      "license": "MIT",
      "dependencies": {
        "ms": "2.1.2"
      },
      "engines": {
        "node": ">=6.0"
      },
      "peerDependenciesMeta": {
        "supports-color": {
          "optional": true
        }
      }
    },
    "node_modules/debug/node_modules/ms": {
      "version": "2.1.2",
      "resolved": "https://registry.npmjs.org/ms/-/ms-2.1.2.tgz",
      "integrity": "sha512-sGkPx+VjMtmA6MX27oA4FBFELFCZZ4S4XqeGOXCv68tT+jb3vk/RyaKWP0PTKyWtmLSM0b+adUTEvbs1PEaH2w==",
      "license": "MIT"
    },
    "node_modules/hpagent": {
      "version": "1.2.0",
      "resolved": "https://registry.npmjs.org/hpagent/-/hpagent-1.2.0.tgz",
      "integrity": "sha512-A91dYTeIB6NoXG+PxTQpCCDDnfHsW9kc06Lvpu1TEe9gnd6ZFeiBoRO9JvzEv6xK7EX97/dUE8g/vBMTqTS3CA==",
      "license": "MIT",
      "engines": {
        "node": ">=14"
      }
    },
    "node_modules/lodash.merge": {
      "version": "4.6.2",
      "resolved": "https://registry.npmjs.org/lodash.merge/-/lodash.merge-4.6.2.tgz",
      "integrity": "sha512-0KpjqXRVvrYyCsX1swR/XTK0va6VQkQM6MNo7PqW77ByjAhoARA8EfrP1N4+KlKj8YS0ZUCtRT/YUuhyYDujIQ==",
      "license": "MIT"
    },
    "node_modules/ms": {
      "version": "2.1.3",
      "resolved": "https://registry.npmjs.org/ms/-/ms-2.1.3.tgz",
      "integrity": "sha512-6FlzubTLZG3J2a/NVCAleEhjzq5oxgHyaCU9yYXvcLsvoVaHJq/s5xXI6/XXP6tz7R9xAOtHnSO/tXtF3WRTlA==",
      "license": "MIT"
    },
    "node_modules/playwright-core": {
      "version": "1.30.0",
      "dev": true,
      "license": "Apache-2.0",
      "bin": {
        "playwright": "cli.js"
      },
      "engines": {
        "node": ">=14"
      }
    },
    "node_modules/secure-json-parse": {
      "version": "2.7.0",
      "resolved": "https://registry.npmjs.org/secure-json-parse/-/secure-json-parse-2.7.0.tgz",
      "integrity": "sha512-6aU+Rwsezw7VR8/nyvKTx8QpWH9FrcYiXXlqC4z5d5XQBDRqtbfsRjnwGyqbi3gddNtWHuEk9OANUotL26qKUw==",
      "license": "BSD-3-Clause"
    },
    "node_modules/streamsearch": {
      "version": "1.1.0",
      "resolved": "https://registry.npmjs.org/streamsearch/-/streamsearch-1.1.0.tgz",
      "integrity": "sha512-Mcc5wHehp9aXz1ax6bZUyY5afg9u2rv5cqQI3mRrYkGC8rW2hM02jWuwjtL++LS5qinSyhj2QfLyNsuc+VsExg==",
      "engines": {
        "node": ">=10.0.0"
      }
    },
    "node_modules/tslib": {
      "version": "2.4.1",
      "resolved": "https://registry.npmjs.org/tslib/-/tslib-2.4.1.tgz",
      "integrity": "sha512-tGyy4dAjRIEwI7BzsB0lynWgOpfqjUdq91XXAlIWD2OwKBH7oCl/GZG/HT4BOHrTlPMOASlMQ7veyTqpmRcrNA==",
      "license": "0BSD"
    },
    "node_modules/undici": {
      "version": "5.14.0",
      "resolved": "https://registry.npmjs.org/undici/-/undici-5.14.0.tgz",
      "integrity": "sha512-yJlHYw6yXPPsuOH0x2Ib1Km61vu4hLiRRQoafs+WUgX1vO64vgnxiCEN9dpIrhZyHFsai3F0AEj4P9zy19enEQ==",
      "license": "MIT",
      "dependencies": {
        "busboy": "^1.6.0"
      },
      "engines": {
        "node": ">=12.18"
      }
    }
  },
  "dependencies": {
    "@elastic/elasticsearch": {
      "version": "8.6.0",
      "resolved": "https://registry.npmjs.org/@elastic/elasticsearch/-/elasticsearch-8.6.0.tgz",
      "integrity": "sha512-mN5EbbgSp1rfRmQ/5Hv7jqAK8xhGJxCg7G84xje8hSefE59P+HPPCv/+DgesCUSJdZpwXIo0DwOWHfHvktxxLw==",
      "requires": {
        "@elastic/transport": "^8.3.1",
        "tslib": "^2.4.0"
      }
    },
    "@elastic/transport": {
      "version": "8.3.1",
      "resolved": "https://registry.npmjs.org/@elastic/transport/-/transport-8.3.1.tgz",
      "integrity": "sha512-jv/Yp2VLvv5tSMEOF8iGrtL2YsYHbpf4s+nDsItxUTLFTzuJGpnsB/xBlfsoT2kAYEnWHiSJuqrbRcpXEI/SEQ==",
      "requires": {
        "debug": "^4.3.4",
        "hpagent": "^1.0.0",
        "ms": "^2.1.3",
        "secure-json-parse": "^2.4.0",
        "tslib": "^2.4.0",
        "undici": "^5.5.1"
      }
    },
    "@opentelemetry/api": {
      "version": "1.3.0",
      "resolved": "https://registry.npmjs.org/@opentelemetry/api/-/api-1.3.0.tgz",
      "integrity": "sha512-YveTnGNsFFixTKJz09Oi4zYkiLT5af3WpZDu4aIUM7xX+2bHAkOJayFTVQd6zB8kkWPpbua4Ha6Ql00grdLlJQ=="
    },
    "@opentelemetry/core": {
      "version": "1.8.0",
      "resolved": "https://registry.npmjs.org/@opentelemetry/core/-/core-1.8.0.tgz",
      "integrity": "sha512-6SDjwBML4Am0AQmy7z1j6HGrWDgeK8awBRUvl1PGw6HayViMk4QpnUXvv4HTHisecgVBy43NE/cstWprm8tIfw==",
      "requires": {
        "@opentelemetry/semantic-conventions": "1.8.0"
      }
    },
    "@opentelemetry/exporter-trace-otlp-http": {
      "version": "0.34.0",
      "resolved": "https://registry.npmjs.org/@opentelemetry/exporter-trace-otlp-http/-/exporter-trace-otlp-http-0.34.0.tgz",
      "integrity": "sha512-MBtUwMvgpdoRo9iqK2eDJ8SP2xKYWeBCSu99s4cc1kg4HKKOpenXLE/6daGsSZ+QTPwd8j+9xMSd+hhBg+Bvzw==",
      "requires": {
        "@opentelemetry/core": "1.8.0",
        "@opentelemetry/otlp-exporter-base": "0.34.0",
        "@opentelemetry/otlp-transformer": "0.34.0",
        "@opentelemetry/resources": "1.8.0",
        "@opentelemetry/sdk-trace-base": "1.8.0"
      }
    },
    "@opentelemetry/otlp-exporter-base": {
      "version": "0.34.0",
      "resolved": "https://registry.npmjs.org/@opentelemetry/otlp-exporter-base/-/otlp-exporter-base-0.34.0.tgz",
      "integrity": "sha512-xVNvQm7oXeQogeI21iTZRnBrBYS0OVekPutEJgb7jQtHg7x2GWuCBQK9sDo84FRWNXBpNOgSYqsf8/+PxIJ2vA==",
      "requires": {
        "@opentelemetry/core": "1.8.0"
      }
    },
    "@opentelemetry/otlp-transformer": {
      "version": "0.34.0",
      "resolved": "https://registry.npmjs.org/@opentelemetry/otlp-transformer/-/otlp-transformer-0.34.0.tgz",
      "integrity": "sha512-NghPJvn3pVoWBuhWyBe1n/nWIrj1D1EFUH/bIkWEp0CMVWFLux6R+BkRPZQo5klTcj8xFhCZZIZsL/ubkYPryg==",
      "requires": {
        "@opentelemetry/core": "1.8.0",
        "@opentelemetry/resources": "1.8.0",
        "@opentelemetry/sdk-metrics": "1.8.0",
        "@opentelemetry/sdk-trace-base": "1.8.0"
      }
    },
    "@opentelemetry/resources": {
      "version": "1.8.0",
      "resolved": "https://registry.npmjs.org/@opentelemetry/resources/-/resources-1.8.0.tgz",
      "integrity": "sha512-KSyMH6Jvss/PFDy16z5qkCK0ERlpyqixb1xwb73wLMvVq+j7i89lobDjw3JkpCcd1Ws0J6jAI4fw28Zufj2ssg==",
      "requires": {
        "@opentelemetry/core": "1.8.0",
        "@opentelemetry/semantic-conventions": "1.8.0"
      }
    },
    "@opentelemetry/sdk-metrics": {
      "version": "1.8.0",
      "resolved": "https://registry.npmjs.org/@opentelemetry/sdk-metrics/-/sdk-metrics-1.8.0.tgz",
      "integrity": "sha512-+KYb+uj0vHhl8xzJO+oChS4oP1e+/2Wl3SXoHoIdcEjd1TQfDV+lxOm4oqxWq6wykXvI35/JHyejxSoT+qxGmg==",
      "requires": {
        "@opentelemetry/core": "1.8.0",
        "@opentelemetry/resources": "1.8.0",
        "lodash.merge": "4.6.2"
      }
    },
    "@opentelemetry/sdk-trace-base": {
      "version": "1.8.0",
      "resolved": "https://registry.npmjs.org/@opentelemetry/sdk-trace-base/-/sdk-trace-base-1.8.0.tgz",
      "integrity": "sha512-iH41m0UTddnCKJzZx3M85vlhKzRcmT48pUeBbnzsGrq4nIay1oWVHKM5nhB5r8qRDGvd/n7f/YLCXClxwM0tvA==",
      "requires": {
        "@opentelemetry/core": "1.8.0",
        "@opentelemetry/resources": "1.8.0",
        "@opentelemetry/semantic-conventions": "1.8.0"
      }
    },
    "@opentelemetry/semantic-conventions": {
      "version": "1.8.0",
      "resolved": "https://registry.npmjs.org/@opentelemetry/semantic-conventions/-/semantic-conventions-1.8.0.tgz",
      "integrity": "sha512-TYh1MRcm4JnvpqtqOwT9WYaBYY4KERHdToxs/suDTLviGRsQkIjS5yYROTYTSJQUnYLOn/TuOh5GoMwfLSU+Ew=="
    },
    "@playwright/test": {
      "version": "1.30.0",
      "dev": true,
      "requires": {
        "@types/node": "*",
        "playwright-core": "1.30.0"
      }
    },
    "@types/elasticsearch": {
      "version": "5.0.40",
      "resolved": "https://registry.npmjs.org/@types/elasticsearch/-/elasticsearch-5.0.40.tgz",
      "integrity": "sha512-lhnbkC0XorAD7Dt7X+94cXUSHEdDNnEVk/DgFLHgIZQNhixV631Lj4+KpXunTT5rCHyj9RqK3TfO7QrOiwEeUQ==",
      "dev": true
    },
    "@types/node": {
      "version": "18.11.18",
      "resolved": "https://registry.npmjs.org/@types/node/-/node-18.11.18.tgz",
      "integrity": "sha512-DHQpWGjyQKSHj3ebjFI/wRKcqQcdR+MoFBygntYOZytCqNfkd2ZC4ARDJ2DQqhjH5p85Nnd3jhUJIXrszFX/JA==",
      "dev": true
    },
    "@types/sqlite3": {
      "version": "3.1.8",
      "resolved": "https://registry.npmjs.org/@types/sqlite3/-/sqlite3-3.1.8.tgz",
      "integrity": "sha512-sQMt/qnyUWnqiTcJXm5ZfNPIBeJ/DVvJDwxw+0tAxPJvadzfiP1QhryO1JOR6t1yfb8NpzQb/Rud06mob5laIA==",
      "dev": true,
      "requires": {
        "@types/node": "*"
      }
    },
    "busboy": {
      "version": "1.6.0",
      "resolved": "https://registry.npmjs.org/busboy/-/busboy-1.6.0.tgz",
      "integrity": "sha512-8SFQbg/0hQ9xy3UNTB0YEnsNBbWfhf7RtnzpL7TkBiTBRfrQ9Fxcnz7VJsleJpyp6rVLvXiuORqjlHi5q+PYuA==",
      "requires": {
        "streamsearch": "^1.1.0"
      }
    },
    "debug": {
      "version": "4.3.4",
      "resolved": "https://registry.npmjs.org/debug/-/debug-4.3.4.tgz",
      "integrity": "sha512-PRWFHuSU3eDtQJPvnNY7Jcket1j0t5OuOsFzPPzsekD52Zl8qUfFIPEiswXqIvHWGVHOgX+7G/vCNNhehwxfkQ==",
      "requires": {
        "ms": "2.1.2"
      },
      "dependencies": {
        "ms": {
          "version": "2.1.2",
          "resolved": "https://registry.npmjs.org/ms/-/ms-2.1.2.tgz",
          "integrity": "sha512-sGkPx+VjMtmA6MX27oA4FBFELFCZZ4S4XqeGOXCv68tT+jb3vk/RyaKWP0PTKyWtmLSM0b+adUTEvbs1PEaH2w=="
        }
      }
    },
    "hpagent": {
      "version": "1.2.0",
      "resolved": "https://registry.npmjs.org/hpagent/-/hpagent-1.2.0.tgz",
      "integrity": "sha512-A91dYTeIB6NoXG+PxTQpCCDDnfHsW9kc06Lvpu1TEe9gnd6ZFeiBoRO9JvzEv6xK7EX97/dUE8g/vBMTqTS3CA=="
    },
    "lodash.merge": {
      "version": "4.6.2",
      "resolved": "https://registry.npmjs.org/lodash.merge/-/lodash.merge-4.6.2.tgz",
      "integrity": "sha512-0KpjqXRVvrYyCsX1swR/XTK0va6VQkQM6MNo7PqW77ByjAhoARA8EfrP1N4+KlKj8YS0ZUCtRT/YUuhyYDujIQ=="
    },
    "ms": {
      "version": "2.1.3",
      "resolved": "https://registry.npmjs.org/ms/-/ms-2.1.3.tgz",
      "integrity": "sha512-6FlzubTLZG3J2a/NVCAleEhjzq5oxgHyaCU9yYXvcLsvoVaHJq/s5xXI6/XXP6tz7R9xAOtHnSO/tXtF3WRTlA=="
    },
    "playwright-core": {
      "version": "1.30.0",
      "dev": true
    },
    "secure-json-parse": {
      "version": "2.7.0",
      "resolved": "https://registry.npmjs.org/secure-json-parse/-/secure-json-parse-2.7.0.tgz",
      "integrity": "sha512-6aU+Rwsezw7VR8/nyvKTx8QpWH9FrcYiXXlqC4z5d5XQBDRqtbfsRjnwGyqbi3gddNtWHuEk9OANUotL26qKUw=="
    },
    "streamsearch": {
      "version": "1.1.0",
      "resolved": "https://registry.npmjs.org/streamsearch/-/streamsearch-1.1.0.tgz",
      "integrity": "sha512-Mcc5wHehp9aXz1ax6bZUyY5afg9u2rv5cqQI3mRrYkGC8rW2hM02jWuwjtL++LS5qinSyhj2QfLyNsuc+VsExg=="
    },
    "tslib": {
      "version": "2.4.1",
      "resolved": "https://registry.npmjs.org/tslib/-/tslib-2.4.1.tgz",
      "integrity": "sha512-tGyy4dAjRIEwI7BzsB0lynWgOpfqjUdq91XXAlIWD2OwKBH7oCl/GZG/HT4BOHrTlPMOASlMQ7veyTqpmRcrNA=="
    },
    "undici": {
      "version": "5.14.0",
      "resolved": "https://registry.npmjs.org/undici/-/undici-5.14.0.tgz",
      "integrity": "sha512-yJlHYw6yXPPsuOH0x2Ib1Km61vu4hLiRRQoafs+WUgX1vO64vgnxiCEN9dpIrhZyHFsai3F0AEj4P9zy19enEQ==",
      "requires": {
        "busboy": "^1.6.0"
      }
    }
  }
}
