# THIS IS AN AUTOGENERATED FILE. DO NOT EDIT THIS FILE DIRECTLY.
# yarn lockfile v1


"@playwright/test@^1.29.1":
  version "1.29.1"
  resolved "https://registry.yarnpkg.com/@playwright/test/-/test-1.29.1.tgz#f2ed4dc143b9c7825a7ad2703b2f1ac4354e1145"
  integrity sha512-iQxk2DX5U9wOGV3+/Jh9OHPsw5H3mleUL2S4BgQuwtlAfK3PnKvn38m4Rg9zIViGHVW24opSm99HQm/UFLEy6w==
  dependencies:
    "@types/node" "*"
    playwright-core "1.29.1"

"@types/node@*":
  version "18.11.18"
  resolved "https://registry.yarnpkg.com/@types/node/-/node-18.11.18.tgz#8dfb97f0da23c2293e554c5a50d61ef134d7697f"
  integrity sha512-DHQpWGjyQKSHj3ebjFI/wRKcqQcdR+MoFBygntYOZytCqNfkd2ZC4ARDJ2DQqhjH5p85Nnd3jhUJIXrszFX/JA==

playwright-core@1.29.1:
  version "1.29.1"
  resolved "https://registry.yarnpkg.com/playwright-core/-/playwright-core-1.29.1.tgz#9ec15d61c4bd2f386ddf6ce010db53a030345a47"
  integrity sha512-20Ai3d+lMkWpI9YZYlxk8gxatfgax5STW8GaMozAHwigLiyiKQrdkt7gaoT9UQR8FIVDg6qVXs9IoZUQrDjIIg==
